
Microsoft Visual Studio Solution File, Format Version 12.00
# Visual Studio Version 17
VisualStudioVersion = 17.8.34511.84
MinimumVisualStudioVersion = 10.0.40219.1
Project("{FAE04EC0-301F-11D3-BF4B-00C04F79EFBC}") = "C sharp 1", "C sharp 1\C sharp 1.csproj", "{492F30FC-EFFB-4D81-8A3C-2597BA56FFDE}"
EndProject
Global
	GlobalSection(SolutionConfigurationPlatforms) = preSolution
		Debug|Any CPU = Debug|Any CPU
		Release|Any CPU = Release|Any CPU
	EndGlobalSection
	GlobalSection(ProjectConfigurationPlatforms) = postSolution
		{492F30FC-EFFB-4D81-8A3C-2597BA56FFDE}.Debug|Any CPU.ActiveCfg = Debug|Any CPU
		{492F30FC-EFFB-4D81-8A3C-2597BA56FFDE}.Debug|Any CPU.Build.0 = Debug|Any CPU
		{492F30FC-EFFB-4D81-8A3C-2597BA56FFDE}.Release|Any CPU.ActiveCfg = Release|Any CPU
		{492F30FC-EFFB-4D81-8A3C-2597BA56FFDE}.Release|Any CPU.Build.0 = Release|Any CPU
	EndGlobalSection
	GlobalSection(SolutionProperties) = preSolution
		HideSolutionNode = FALSE
	EndGlobalSection
	GlobalSection(ExtensibilityGlobals) = postSolution
		SolutionGuid = {2881B01D-E156-4C6B-9454-7A079D3EC842}
	EndGlobalSection
EndGlobal
